// !$*UTF8*$!
{
	archiveVersion = 1;
	classes = {
	};
	objectVersion = 46;
	objects = {

/* Begin PBXBuildFile section */
		E737D63D1EA503F6009A39E9 /* PlaySoundsViewController.swift in Sources */ = {isa = PBXBuildFile; fileRef = E737D63C1EA503F6009A39E9 /* PlaySoundsViewController.swift */; };
		E737D63F1EA51677009A39E9 /* PlaySoundsViewControllerAudio.swift in Sources */ = {isa = PBXBuildFile; fileRef = E737D63E1EA51677009A39E9 /* PlaySoundsViewControllerAudio.swift */; };
		E7B175861EA2DAA00014C169 /* AppDelegate.swift in Sources */ = {isa = PBXBuildFile; fileRef = E7B175851EA2DAA00014C169 /* AppDelegate.swift */; };
		E7B175881EA2DAA00014C169 /* RecordAudioViewController.swift in Sources */ = {isa = PBXBuildFile; fileRef = E7B175871EA2DAA00014C169 /* RecordAudioViewController.swift */; };
		E7B1758B1EA2DAA00014C169 /* Main.storyboard in Resources */ = {isa = PBXBuildFile; fileRef = E7B175891EA2DAA00014C169 /* Main.storyboard */; };
		E7B1758D1EA2DAA00014C169 /* Assets.xcassets in Resources */ = {isa = PBXBuildFile; fileRef = E7B1758C1EA2DAA00014C169 /* Assets.xcassets */; };
		E7B175901EA2DAA00014C169 /* LaunchScreen.storyboard in Resources */ = {isa = PBXBuildFile; fileRef = E7B1758E1EA2DAA00014C169 /* LaunchScreen.storyboard */; };
/* End PBXBuildFile section */

/* Begin PBXFileReference section */
		E737D63C1EA503F6009A39E9 /* PlaySoundsViewController.swift */ = {isa = PBXFileReference; fileEncoding = 4; lastKnownFileType = sourcecode.swift; path = PlaySoundsViewController.swift; sourceTree = "<group>"; };
		E737D63E1EA51677009A39E9 /* PlaySoundsViewControllerAudio.swift */ = {isa = PBXFileReference; fileEncoding = 4; lastKnownFileType = sourcecode.swift; name = PlaySoundsViewControllerAudio.swift; path = ../PlaySoundsViewControllerAudio.swift; sourceTree = "<group>"; };
		E7B175821EA2DAA00014C169 /* Pitch Perfect.app */ = {isa = PBXFileReference; explicitFileType = wrapper.application; includeInIndex = 0; path = "Pitch Perfect.app"; sourceTree = BUILT_PRODUCTS_DIR; };
		E7B175851EA2DAA00014C169 /* AppDelegate.swift */ = {isa = PBXFileReference; lastKnownFileType = sourcecode.swift; path = AppDelegate.swift; sourceTree = "<group>"; };
		E7B175871EA2DAA00014C169 /* RecordAudioViewController.swift */ = {isa = PBXFileReference; lastKnownFileType = sourcecode.swift; path = RecordAudioViewController.swift; sourceTree = "<group>"; };
		E7B1758A1EA2DAA00014C169 /* Base */ = {isa = PBXFileReference; lastKnownFileType = file.storyboard; name = Base; path = Base.lproj/Main.storyboard; sourceTree = "<group>"; };
		E7B1758C1EA2DAA00014C169 /* Assets.xcassets */ = {isa = PBXFileReference; lastKnownFileType = folder.assetcatalog; path = Assets.xcassets; sourceTree = "<group>"; };
		E7B1758F1EA2DAA00014C169 /* Base */ = {isa = PBXFileReference; lastKnownFileType = file.storyboard; name = Base; path = Base.lproj/LaunchScreen.storyboard; sourceTree = "<group>"; };
		E7B175911EA2DAA00014C169 /* Info.plist */ = {isa = PBXFileReference; lastKnownFileType = text.plist.xml; path = Info.plist; sourceTree = "<group>"; };
/* End PBXFileReference section */

/* Begin PBXFrameworksBuildPhase section */
		E7B1757F1EA2DAA00014C169 /* Frameworks */ = {
			isa = PBXFrameworksBuildPhase;
			buildActionMask = 2147483647;
			files = (
			);
			runOnlyForDeploymentPostprocessing = 0;
		};
/* End PBXFrameworksBuildPhase section */

/* Begin PBXGroup section */
		E7B175791EA2DAA00014C169 = {
			isa = PBXGroup;
			children = (
				E7B175841EA2DAA00014C169 /* Voice Changer */,
				E7B175831EA2DAA00014C169 /* Products */,
			);
			sourceTree = "<group>";
		};
		E7B175831EA2DAA00014C169 /* Products */ = {
			isa = PBXGroup;
			children = (
				E7B175821EA2DAA00014C169 /* Pitch Perfect.app */,
			);
			name = Products;
			sourceTree = "<group>";
		};
		E7B175841EA2DAA00014C169 /* Voice Changer */ = {
			isa = PBXGroup;
			children = (
				E7B175851EA2DAA00014C169 /* AppDelegate.swift */,
				E7B175871EA2DAA00014C169 /* RecordAudioViewController.swift */,
				E737D63C1EA503F6009A39E9 /* PlaySoundsViewController.swift */,
				E7B175891EA2DAA00014C169 /* Main.storyboard */,
				E737D63E1EA51677009A39E9 /* PlaySoundsViewControllerAudio.swift */,
				E7B1758C1EA2DAA00014C169 /* Assets.xcassets */,
				E7B1758E1EA2DAA00014C169 /* LaunchScreen.storyboard */,
				E7B175911EA2DAA00014C169 /* Info.plist */,
			);
			path = "Voice Changer";
			sourceTree = "<group>";
		};
/* End PBXGroup section */

/* Begin PBXNativeTarget section */
		E7B175811EA2DAA00014C169 /* Pitch Perfect */ = {
			isa = PBXNativeTarget;
			buildConfigurationList = E7B175941EA2DAA00014C169 /* Build configuration list for PBXNativeTarget "Pitch Perfect" */;
			buildPhases = (
				E7B1757E1EA2DAA00014C169 /* Sources */,
				E7B1757F1EA2DAA00014C169 /* Frameworks */,
				E7B175801EA2DAA00014C169 /* Resources */,
			);
			buildRules = (
			);
			dependencies = (
			);
			name = "Pitch Perfect";
			productName = "Voice Changer";
			productReference = E7B175821EA2DAA00014C169 /* Pitch Perfect.app */;
			productType = "com.apple.product-type.application";
		};
/* End PBXNativeTarget section */

/* Begin PBXProject section */
		E7B1757A1EA2DAA00014C169 /* Project object */ = {
			isa = PBXProject;
			attributes = {
				LastSwiftUpdateCheck = 0830;
				LastUpgradeCheck = 0830;
				ORGANIZATIONNAME = "Alan Campos";
				TargetAttributes = {
					E7B175811EA2DAA00014C169 = {
						CreatedOnToolsVersion = 8.3.1;
						DevelopmentTeam = 7CS7AAY92J;
						ProvisioningStyle = Automatic;
					};
				};
			};
			buildConfigurationList = E7B1757D1EA2DAA00014C169 /* Build configuration list for PBXProject "Pitch Perfect" */;
			compatibilityVersion = "Xcode 3.2";
			developmentRegion = English;
			hasScannedForEncodings = 0;
			knownRegions = (
				en,
				Base,
			);
			mainGroup = E7B175791EA2DAA00014C169;
			productRefGroup = E7B175831EA2DAA00014C169 /* Products */;
			projectDirPath = "";
			projectRoot = "";
			targets = (
				E7B175811EA2DAA00014C169 /* Pitch Perfect */,
			);
		};
/* End PBXProject section */

/* Begin PBXResourcesBuildPhase section */
		E7B175801EA2DAA00014C169 /* Resources */ = {
			isa = PBXResourcesBuildPhase;
			buildActionMask = 2147483647;
			files = (
				E7B175901EA2DAA00014C169 /* LaunchScreen.storyboard in Resources */,
				E7B1758D1EA2DAA00014C169 /* Assets.xcassets in Resources */,
				E7B1758B1EA2DAA00014C169 /* Main.storyboard in Resources */,
			);
			runOnlyForDeploymentPostprocessing = 0;
		};
/* End PBXResourcesBuildPhase section */

/* Begin PBXSourcesBuildPhase section */
		E7B1757E1EA2DAA00014C169 /* Sources */ = {
			isa = PBXSourcesBuildPhase;
			buildActionMask = 2147483647;
			files = (
				E7B175881EA2DAA00014C169 /* RecordAudioViewController.swift in Sources */,
				E737D63F1EA51677009A39E9 /* PlaySoundsViewControllerAudio.swift in Sources */,
				E737D63D1EA503F6009A39E9 /* PlaySoundsViewController.swift in Sources */,
				E7B175861EA2DAA00014C169 /* AppDelegate.swift in Sources */,
			);
			runOnlyForDeploymentPostprocessing = 0;
		};
/* End PBXSourcesBuildPhase section */

/* Begin PBXVariantGroup section */
		E7B175891EA2DAA00014C169 /* Main.storyboard */ = {
			isa = PBXVariantGroup;
			children = (
				E7B1758A1EA2DAA00014C169 /* Base */,
			);
			name = Main.storyboard;
			sourceTree = "<group>";
		};
		E7B1758E1EA2DAA00014C169 /* LaunchScreen.storyboard */ = {
			isa = PBXVariantGroup;
			children = (
				E7B1758F1EA2DAA00014C169 /* Base */,
			);
			name = LaunchScreen.storyboard;
			sourceTree = "<group>";
		};
/* End PBXVariantGroup section */

/* Begin XCBuildConfiguration section */
		E7B175921EA2DAA00014C169 /* Debug */ = {
			isa = XCBuildConfiguration;
			buildSettings = {
				ALWAYS_SEARCH_USER_PATHS = NO;
				CLANG_ANALYZER_NONNULL = YES;
				CLANG_ANALYZER_NUMBER_OBJECT_CONVERSION = YES_AGGRESSIVE;
				CLANG_CXX_LANGUAGE_STANDARD = "gnu++0x";
				CLANG_CXX_LIBRARY = "libc++";
				CLANG_ENABLE_MODULES = YES;
				CLANG_ENABLE_OBJC_ARC = YES;
				CLANG_WARN_BOOL_CONVERSION = YES;
				CLANG_WARN_CONSTANT_CONVERSION = YES;
				CLANG_WARN_DIRECT_OBJC_ISA_USAGE = YES_ERROR;
				CLANG_WARN_DOCUMENTATION_COMMENTS = YES;
				CLANG_WARN_EMPTY_BODY = YES;
				CLANG_WARN_ENUM_CONVERSION = YES;
				CLANG_WARN_INFINITE_RECURSION = YES;
				CLANG_WARN_INT_CONVERSION = YES;
				CLANG_WARN_OBJC_ROOT_CLASS = YES_ERROR;
				CLANG_WARN_SUSPICIOUS_MOVE = YES;
				CLANG_WARN_UNREACHABLE_CODE = YES;
				CLANG_WARN__DUPLICATE_METHOD_MATCH = YES;
				"CODE_SIGN_IDENTITY[sdk=iphoneos*]" = "iPhone Developer";
				COPY_PHASE_STRIP = NO;
				DEBUG_INFORMATION_FORMAT = dwarf;
				ENABLE_STRICT_OBJC_MSGSEND = YES;
				ENABLE_TESTABILITY = YES;
				GCC_C_LANGUAGE_STANDARD = gnu99;
				GCC_DYNAMIC_NO_PIC = NO;
				GCC_NO_COMMON_BLOCKS = YES;
				GCC_OPTIMIZATION_LEVEL = 0;
				GCC_PREPROCESSOR_DEFINITIONS = (
					"DEBUG=1",
					"$(inherited)",
				);
				GCC_WARN_64_TO_32_BIT_CONVERSION = YES;
				GCC_WARN_ABOUT_RETURN_TYPE = YES_ERROR;
				GCC_WARN_UNDECLARED_SELECTOR = YES;
				GCC_WARN_UNINITIALIZED_AUTOS = YES_AGGRESSIVE;
				GCC_WARN_UNUSED_FUNCTION = YES;
				GCC_WARN_UNUSED_VARIABLE = YES;
				IPHONEOS_DEPLOYMENT_TARGET = 10.3;
				MTL_ENABLE_DEBUG_INFO = YES;
				ONLY_ACTIVE_ARCH = YES;
				SDKROOT = iphoneos;
				SWIFT_ACTIVE_COMPILATION_CONDITIONS = DEBUG;
				SWIFT_OPTIMIZATION_LEVEL = "-Onone";
				TARGETED_DEVICE_FAMILY = "1,2";
			};
			name = Debug;
		};
		E7B175931EA2DAA00014C169 /* Release */ = {
			isa = XCBuildConfiguration;
			buildSettings = {
				ALWAYS_SEARCH_USER_PATHS = NO;
				CLANG_ANALYZER_NONNULL = YES;
				CLANG_ANALYZER_NUMBER_OBJECT_CONVERSION = YES_AGGRESSIVE;
				CLANG_CXX_LANGUAGE_STANDARD = "gnu++0x";
				CLANG_CXX_LIBRARY = "libc++";
				CLANG_ENABLE_MODULES = YES;
				CLANG_ENABLE_OBJC_ARC = YES;
				CLANG_WARN_BOOL_CONVERSION = YES;
				CLANG_WARN_CONSTANT_CONVERSION = YES;
				CLANG_WARN_DIRECT_OBJC_ISA_USAGE = YES_ERROR;
				CLANG_WARN_DOCUMENTATION_COMMENTS = YES;
				CLANG_WARN_EMPTY_BODY = YES;
				CLANG_WARN_ENUM_CONVERSION = YES;
				CLANG_WARN_INFINITE_RECURSION = YES;
				CLANG_WARN_INT_CONVERSION = YES;
				CLANG_WARN_OBJC_ROOT_CLASS = YES_ERROR;
				CLANG_WARN_SUSPICIOUS_MOVE = YES;
				CLANG_WARN_UNREACHABLE_CODE = YES;
				CLANG_WARN__DUPLICATE_METHOD_MATCH = YES;
				"CODE_SIGN_IDENTITY[sdk=iphoneos*]" = "iPhone Developer";
				COPY_PHASE_STRIP = NO;
				DEBUG_INFORMATION_FORMAT = "dwarf-with-dsym";
				ENABLE_NS_ASSERTIONS = NO;
				ENABLE_STRICT_OBJC_MSGSEND = YES;
				GCC_C_LANGUAGE_STANDARD = gnu99;
				GCC_NO_COMMON_BLOCKS = YES;
				GCC_WARN_64_TO_32_BIT_CONVERSION = YES;
				GCC_WARN_ABOUT_RETURN_TYPE = YES_ERROR;
				GCC_WARN_UNDECLARED_SELECTOR = YES;
				GCC_WARN_UNINITIALIZED_AUTOS = YES_AGGRESSIVE;
				GCC_WARN_UNUSED_FUNCTION = YES;
				GCC_WARN_UNUSED_VARIABLE = YES;
				IPHONEOS_DEPLOYMENT_TARGET = 10.3;
				MTL_ENABLE_DEBUG_INFO = NO;
				SDKROOT = iphoneos;
				SWIFT_OPTIMIZATION_LEVEL = "-Owholemodule";
				TARGETED_DEVICE_FAMILY = "1,2";
				VALIDATE_PRODUCT = YES;
			};
			name = Release;
		};
		E7B175951EA2DAA00014C169 /* Debug */ = {
			isa = XCBuildConfiguration;
			buildSettings = {
				ASSETCATALOG_COMPILER_APPICON_NAME = AppIcon;
				DEVELOPMENT_TEAM = 7CS7AAY92J;
				INFOPLIST_FILE = "Voice Changer/Info.plist";
				LD_RUNPATH_SEARCH_PATHS = "$(inherited) @executable_path/Frameworks";
				PRODUCT_BUNDLE_IDENTIFIER = "com.alan.Voice-Changer";
				PRODUCT_NAME = "$(TARGET_NAME)";
				SWIFT_VERSION = 3.0;
			};
			name = Debug;
		};
		E7B175961EA2DAA00014C169 /* Release */ = {
			isa = XCBuildConfiguration;
			buildSettings = {
				ASSETCATALOG_COMPILER_APPICON_NAME = AppIcon;
				DEVELOPMENT_TEAM = 7CS7AAY92J;
				INFOPLIST_FILE = "Voice Changer/Info.plist";
				LD_RUNPATH_SEARCH_PATHS = "$(inherited) @executable_path/Frameworks";
				PRODUCT_BUNDLE_IDENTIFIER = "com.alan.Voice-Changer";
				PRODUCT_NAME = "$(TARGET_NAME)";
				SWIFT_VERSION = 3.0;
			};
			name = Release;
		};
/* End XCBuildConfiguration section */

/* Begin XCConfigurationList section */
		E7B1757D1EA2DAA00014C169 /* Build configuration list for PBXProject "Pitch Perfect" */ = {
			isa = XCConfigurationList;
			buildConfigurations = (
				E7B175921EA2DAA00014C169 /* Debug */,
				E7B175931EA2DAA00014C169 /* Release */,
			);
			defaultConfigurationIsVisible = 0;
			defaultConfigurationName = Release;
		};
		E7B175941EA2DAA00014C169 /* Build configuration list for PBXNativeTarget "Pitch Perfect" */ = {
			isa = XCConfigurationList;
			buildConfigurations = (
				E7B175951EA2DAA00014C169 /* Debug */,
				E7B175961EA2DAA00014C169 /* Release */,
			);
			defaultConfigurationIsVisible = 0;
			defaultConfigurationName = Release;
		};
/* End XCConfigurationList section */
	};
	rootObject = E7B1757A1EA2DAA00014C169 /* Project object */;
}
